// !$*UTF8*$!
{
	archiveVersion = 1;
	classes = {
	};
	objectVersion = 46;
	objects = {

/* Begin PBXBuildFile section */
		65FB93B81680CD3F00308AF3 /* main.c in Sources */ = {isa = PBXBuildFile; fileRef = 65FB93B71680CD3F00308AF3 /* main.c */; };
/* End PBXBuildFile section */

/* Begin PBXCopyFilesBuildPhase section */
		65980387168006C5003FBB02 /* CopyFiles */ = {
			isa = PBXCopyFilesBuildPhase;
			buildActionMask = 2147483647;
			dstPath = /usr/share/man/man1/;
			dstSubfolderSpec = 0;
			files = (
			);
			runOnlyForDeploymentPostprocessing = 1;
		};
/* End PBXCopyFilesBuildPhase section */

/* Begin PBXFileReference section */
		65579B87168318FE00439EED /* set */ = {isa = PBXFileReference; fileEncoding = 4; lastKnownFileType = text; path = set; sourceTree = "<group>"; };
		65579B881683191A00439EED /* add */ = {isa = PBXFileReference; fileEncoding = 4; lastKnownFileType = text; path = add; sourceTree = "<group>"; };
		65579B8916831AAD00439EED /* sub */ = {isa = PBXFileReference; fileEncoding = 4; lastKnownFileType = text; path = sub; sourceTree = "<group>"; };
		65579B8A16831DC500439EED /* mul */ = {isa = PBXFileReference; fileEncoding = 4; lastKnownFileType = text; path = mul; sourceTree = "<group>"; };
		65579B8B1683218B00439EED /* div */ = {isa = PBXFileReference; fileEncoding = 4; lastKnownFileType = text; path = div; sourceTree = "<group>"; };
		65579B8C1683EFEF00439EED /* example */ = {isa = PBXFileReference; fileEncoding = 4; lastKnownFileType = text; path = example; sourceTree = "<group>"; };
		65980389168006C5003FBB02 /* VM2 */ = {isa = PBXFileReference; explicitFileType = "compiled.mach-o.executable"; includeInIndex = 0; path = VM2; sourceTree = BUILT_PRODUCTS_DIR; };
		65FB93B71680CD3F00308AF3 /* main.c */ = {isa = PBXFileReference; fileEncoding = 4; lastKnownFileType = sourcecode.c.c; path = main.c; sourceTree = "<group>"; };
/* End PBXFileReference section */

/* Begin PBXFrameworksBuildPhase section */
		65980386168006C5003FBB02 /* Frameworks */ = {
			isa = PBXFrameworksBuildPhase;
			buildActionMask = 2147483647;
			files = (
			);
			runOnlyForDeploymentPostprocessing = 0;
		};
/* End PBXFrameworksBuildPhase section */

/* Begin PBXGroup section */
		65579B86168318E100439EED /* programs */ = {
			isa = PBXGroup;
			children = (
				65579B87168318FE00439EED /* set */,
				65579B881683191A00439EED /* add */,
				65579B8916831AAD00439EED /* sub */,
				65579B8A16831DC500439EED /* mul */,
				65579B8B1683218B00439EED /* div */,
				65579B8C1683EFEF00439EED /* example */,
			);
			path = programs;
			sourceTree = "<group>";
		};
		6598037E168006C5003FBB02 = {
			isa = PBXGroup;
			children = (
				6598038C168006C5003FBB02 /* VM2 */,
				6598038A168006C5003FBB02 /* Products */,
			);
			sourceTree = "<group>";
		};
		6598038A168006C5003FBB02 /* Products */ = {
			isa = PBXGroup;
			children = (
				65980389168006C5003FBB02 /* VM2 */,
			);
			name = Products;
			sourceTree = "<group>";
		};
		6598038C168006C5003FBB02 /* VM2 */ = {
			isa = PBXGroup;
			children = (
				65579B86168318E100439EED /* programs */,
				65FB93B71680CD3F00308AF3 /* main.c */,
			);
			path = VM2;
			sourceTree = "<group>";
		};
/* End PBXGroup section */

/* Begin PBXNativeTarget section */
		65980388168006C5003FBB02 /* VM2 */ = {
			isa = PBXNativeTarget;
			buildConfigurationList = 65980393168006C5003FBB02 /* Build configuration list for PBXNativeTarget "VM2" */;
			buildPhases = (
				65980385168006C5003FBB02 /* Sources */,
				65980386168006C5003FBB02 /* Frameworks */,
				65980387168006C5003FBB02 /* CopyFiles */,
			);
			buildRules = (
			);
			dependencies = (
			);
			name = VM2;
			productName = VM2;
			productReference = 65980389168006C5003FBB02 /* VM2 */;
			productType = "com.apple.product-type.tool";
		};
/* End PBXNativeTarget section */

/* Begin PBXProject section */
		65980380168006C5003FBB02 /* Project object */ = {
			isa = PBXProject;
			attributes = {
				LastUpgradeCheck = 0440;
				ORGANIZATIONNAME = "Daniel Fagnan";
			};
			buildConfigurationList = 65980383168006C5003FBB02 /* Build configuration list for PBXProject "VM2" */;
			compatibilityVersion = "Xcode 3.2";
			developmentRegion = English;
			hasScannedForEncodings = 0;
			knownRegions = (
				en,
			);
			mainGroup = 6598037E168006C5003FBB02;
			productRefGroup = 6598038A168006C5003FBB02 /* Products */;
			projectDirPath = "";
			projectRoot = "";
			targets = (
				65980388168006C5003FBB02 /* VM2 */,
			);
		};
/* End PBXProject section */

/* Begin PBXSourcesBuildPhase section */
		65980385168006C5003FBB02 /* Sources */ = {
			isa = PBXSourcesBuildPhase;
			buildActionMask = 2147483647;
			files = (
				65FB93B81680CD3F00308AF3 /* main.c in Sources */,
			);
			runOnlyForDeploymentPostprocessing = 0;
		};
/* End PBXSourcesBuildPhase section */

/* Begin XCBuildConfiguration section */
		65980391168006C5003FBB02 /* Debug */ = {
			isa = XCBuildConfiguration;
			buildSettings = {
				ALWAYS_SEARCH_USER_PATHS = NO;
				ARCHS = "$(ARCHS_STANDARD_64_BIT)";
				CLANG_CXX_LANGUAGE_STANDARD = "gnu++0x";
				CLANG_WARN__DUPLICATE_METHOD_MATCH = YES;
				COPY_PHASE_STRIP = NO;
				GCC_C_LANGUAGE_STANDARD = gnu99;
				GCC_DYNAMIC_NO_PIC = NO;
				GCC_ENABLE_OBJC_EXCEPTIONS = YES;
				GCC_OPTIMIZATION_LEVEL = 0;
				GCC_PREPROCESSOR_DEFINITIONS = (
					"DEBUG=1",
					"$(inherited)",
				);
				GCC_SYMBOLS_PRIVATE_EXTERN = NO;
				GCC_WARN_64_TO_32_BIT_CONVERSION = YES;
				GCC_WARN_ABOUT_RETURN_TYPE = YES;
				GCC_WARN_UNINITIALIZED_AUTOS = YES;
				GCC_WARN_UNUSED_VARIABLE = YES;
				MACOSX_DEPLOYMENT_TARGET = 10.8;
				ONLY_ACTIVE_ARCH = YES;
				SDKROOT = macosx;
			};
			name = Debug;
		};
		65980392168006C5003FBB02 /* Release */ = {
			isa = XCBuildConfiguration;
			buildSettings = {
				ALWAYS_SEARCH_USER_PATHS = NO;
				ARCHS = "$(ARCHS_STANDARD_64_BIT)";
				CLANG_CXX_LANGUAGE_STANDARD = "gnu++0x";
				CLANG_WARN__DUPLICATE_METHOD_MATCH = YES;
				COPY_PHASE_STRIP = YES;
				DEBUG_INFORMATION_FORMAT = "dwarf-with-dsym";
				GCC_C_LANGUAGE_STANDARD = gnu99;
				GCC_ENABLE_OBJC_EXCEPTIONS = YES;
				GCC_WARN_64_TO_32_BIT_CONVERSION = YES;
				GCC_WARN_ABOUT_RETURN_TYPE = YES;
				GCC_WARN_UNINITIALIZED_AUTOS = YES;
				GCC_WARN_UNUSED_VARIABLE = YES;
				MACOSX_DEPLOYMENT_TARGET = 10.8;
				SDKROOT = macosx;
			};
			name = Release;
		};
		65980394168006C5003FBB02 /* Debug */ = {
			isa = XCBuildConfiguration;
			buildSettings = {
				PRODUCT_NAME = "$(TARGET_NAME)";
			};
			name = Debug;
		};
		65980395168006C5003FBB02 /* Release */ = {
			isa = XCBuildConfiguration;
			buildSettings = {
				PRODUCT_NAME = "$(TARGET_NAME)";
			};
			name = Release;
		};
/* End XCBuildConfiguration section */

/* Begin XCConfigurationList section */
		65980383168006C5003FBB02 /* Build configuration list for PBXProject "VM2" */ = {
			isa = XCConfigurationList;
			buildConfigurations = (
				65980391168006C5003FBB02 /* Debug */,
				65980392168006C5003FBB02 /* Release */,
			);
			defaultConfigurationIsVisible = 0;
			defaultConfigurationName = Release;
		};
		65980393168006C5003FBB02 /* Build configuration list for PBXNativeTarget "VM2" */ = {
			isa = XCConfigurationList;
			buildConfigurations = (
				65980394168006C5003FBB02 /* Debug */,
				65980395168006C5003FBB02 /* Release */,
			);
			defaultConfigurationIsVisible = 0;
			defaultConfigurationName = Release;
		};
/* End XCConfigurationList section */
	};
	rootObject = 65980380168006C5003FBB02 /* Project object */;
}
