// !$*UTF8*$!
{
	archiveVersion = 1;
	classes = {
	};
	objectVersion = 46;
	objects = {

/* Begin PBXBuildFile section */
		6598038E168006C5003FBB02 /* main.c in Sources */ = {isa = PBXBuildFile; fileRef = 6598038D168006C5003FBB02 /* main.c */; };
		65FB93A616802ACB00308AF3 /* vm.c in Sources */ = {isa = PBXBuildFile; fileRef = 65FB93A516802ACB00308AF3 /* vm.c */; };
		65FB93A916802AF500308AF3 /* stack.c in Sources */ = {isa = PBXBuildFile; fileRef = 65FB93A816802AF500308AF3 /* stack.c */; };
		65FB93B11680314700308AF3 /* program.c in Sources */ = {isa = PBXBuildFile; fileRef = 65FB93B01680314700308AF3 /* program.c */; };
		65FB93B41680340C00308AF3 /* registers.c in Sources */ = {isa = PBXBuildFile; fileRef = 65FB93B31680340C00308AF3 /* registers.c */; };
/* End PBXBuildFile section */

/* Begin PBXCopyFilesBuildPhase section */
		65980387168006C5003FBB02 /* CopyFiles */ = {
			isa = PBXCopyFilesBuildPhase;
			buildActionMask = 2147483647;
			dstPath = /usr/share/man/man1/;
			dstSubfolderSpec = 0;
			files = (
			);
			runOnlyForDeploymentPostprocessing = 1;
		};
/* End PBXCopyFilesBuildPhase section */

/* Begin PBXFileReference section */
		65980389168006C5003FBB02 /* VM2 */ = {isa = PBXFileReference; explicitFileType = "compiled.mach-o.executable"; includeInIndex = 0; path = VM2; sourceTree = BUILT_PRODUCTS_DIR; };
		6598038D168006C5003FBB02 /* main.c */ = {isa = PBXFileReference; lastKnownFileType = sourcecode.c.c; path = main.c; sourceTree = "<group>"; };
		65FB93A4168029D900308AF3 /* vm.h */ = {isa = PBXFileReference; lastKnownFileType = sourcecode.c.h; path = vm.h; sourceTree = "<group>"; };
		65FB93A516802ACB00308AF3 /* vm.c */ = {isa = PBXFileReference; fileEncoding = 4; lastKnownFileType = sourcecode.c.c; path = vm.c; sourceTree = "<group>"; };
		65FB93A716802ADA00308AF3 /* stack.h */ = {isa = PBXFileReference; lastKnownFileType = sourcecode.c.h; path = stack.h; sourceTree = "<group>"; };
		65FB93A816802AF500308AF3 /* stack.c */ = {isa = PBXFileReference; fileEncoding = 4; lastKnownFileType = sourcecode.c.c; path = stack.c; sourceTree = "<group>"; };
		65FB93AE1680313E00308AF3 /* program.h */ = {isa = PBXFileReference; lastKnownFileType = sourcecode.c.h; path = program.h; sourceTree = "<group>"; };
		65FB93B01680314700308AF3 /* program.c */ = {isa = PBXFileReference; fileEncoding = 4; lastKnownFileType = sourcecode.c.c; path = program.c; sourceTree = "<group>"; };
		65FB93B21680331700308AF3 /* registers.h */ = {isa = PBXFileReference; lastKnownFileType = sourcecode.c.h; path = registers.h; sourceTree = "<group>"; };
		65FB93B31680340C00308AF3 /* registers.c */ = {isa = PBXFileReference; fileEncoding = 4; lastKnownFileType = sourcecode.c.c; path = registers.c; sourceTree = "<group>"; };
		65FB93B51680367400308AF3 /* call.h */ = {isa = PBXFileReference; lastKnownFileType = sourcecode.c.h; path = call.h; sourceTree = "<group>"; };
/* End PBXFileReference section */

/* Begin PBXFrameworksBuildPhase section */
		65980386168006C5003FBB02 /* Frameworks */ = {
			isa = PBXFrameworksBuildPhase;
			buildActionMask = 2147483647;
			files = (
			);
			runOnlyForDeploymentPostprocessing = 0;
		};
/* End PBXFrameworksBuildPhase section */

/* Begin PBXGroup section */
		6598037E168006C5003FBB02 = {
			isa = PBXGroup;
			children = (
				6598038C168006C5003FBB02 /* VM2 */,
				6598038A168006C5003FBB02 /* Products */,
			);
			sourceTree = "<group>";
		};
		6598038A168006C5003FBB02 /* Products */ = {
			isa = PBXGroup;
			children = (
				65980389168006C5003FBB02 /* VM2 */,
			);
			name = Products;
			sourceTree = "<group>";
		};
		6598038C168006C5003FBB02 /* VM2 */ = {
			isa = PBXGroup;
			children = (
				6598038D168006C5003FBB02 /* main.c */,
				65FB93A4168029D900308AF3 /* vm.h */,
				65FB93A516802ACB00308AF3 /* vm.c */,
				65FB93A716802ADA00308AF3 /* stack.h */,
				65FB93A816802AF500308AF3 /* stack.c */,
				65FB93AE1680313E00308AF3 /* program.h */,
				65FB93B01680314700308AF3 /* program.c */,
				65FB93B21680331700308AF3 /* registers.h */,
				65FB93B31680340C00308AF3 /* registers.c */,
				65FB93B51680367400308AF3 /* call.h */,
			);
			path = VM2;
			sourceTree = "<group>";
		};
/* End PBXGroup section */

/* Begin PBXNativeTarget section */
		65980388168006C5003FBB02 /* VM2 */ = {
			isa = PBXNativeTarget;
			buildConfigurationList = 65980393168006C5003FBB02 /* Build configuration list for PBXNativeTarget "VM2" */;
			buildPhases = (
				65980385168006C5003FBB02 /* Sources */,
				65980386168006C5003FBB02 /* Frameworks */,
				65980387168006C5003FBB02 /* CopyFiles */,
			);
			buildRules = (
			);
			dependencies = (
			);
			name = VM2;
			productName = VM2;
			productReference = 65980389168006C5003FBB02 /* VM2 */;
			productType = "com.apple.product-type.tool";
		};
/* End PBXNativeTarget section */

/* Begin PBXProject section */
		65980380168006C5003FBB02 /* Project object */ = {
			isa = PBXProject;
			attributes = {
				LastUpgradeCheck = 0440;
				ORGANIZATIONNAME = "Daniel Fagnan";
			};
			buildConfigurationList = 65980383168006C5003FBB02 /* Build configuration list for PBXProject "VM2" */;
			compatibilityVersion = "Xcode 3.2";
			developmentRegion = English;
			hasScannedForEncodings = 0;
			knownRegions = (
				en,
			);
			mainGroup = 6598037E168006C5003FBB02;
			productRefGroup = 6598038A168006C5003FBB02 /* Products */;
			projectDirPath = "";
			projectRoot = "";
			targets = (
				65980388168006C5003FBB02 /* VM2 */,
			);
		};
/* End PBXProject section */

/* Begin PBXSourcesBuildPhase section */
		65980385168006C5003FBB02 /* Sources */ = {
			isa = PBXSourcesBuildPhase;
			buildActionMask = 2147483647;
			files = (
				6598038E168006C5003FBB02 /* main.c in Sources */,
				65FB93A616802ACB00308AF3 /* vm.c in Sources */,
				65FB93A916802AF500308AF3 /* stack.c in Sources */,
				65FB93B11680314700308AF3 /* program.c in Sources */,
				65FB93B41680340C00308AF3 /* registers.c in Sources */,
			);
			runOnlyForDeploymentPostprocessing = 0;
		};
/* End PBXSourcesBuildPhase section */

/* Begin XCBuildConfiguration section */
		65980391168006C5003FBB02 /* Debug */ = {
			isa = XCBuildConfiguration;
			buildSettings = {
				ALWAYS_SEARCH_USER_PATHS = NO;
				ARCHS = "$(ARCHS_STANDARD_64_BIT)";
				CLANG_CXX_LANGUAGE_STANDARD = "gnu++0x";
				CLANG_WARN__DUPLICATE_METHOD_MATCH = YES;
				COPY_PHASE_STRIP = NO;
				GCC_C_LANGUAGE_STANDARD = gnu99;
				GCC_DYNAMIC_NO_PIC = NO;
				GCC_ENABLE_OBJC_EXCEPTIONS = YES;
				GCC_OPTIMIZATION_LEVEL = 0;
				GCC_PREPROCESSOR_DEFINITIONS = (
					"DEBUG=1",
					"$(inherited)",
				);
				GCC_SYMBOLS_PRIVATE_EXTERN = NO;
				GCC_WARN_64_TO_32_BIT_CONVERSION = YES;
				GCC_WARN_ABOUT_RETURN_TYPE = YES;
				GCC_WARN_UNINITIALIZED_AUTOS = YES;
				GCC_WARN_UNUSED_VARIABLE = YES;
				MACOSX_DEPLOYMENT_TARGET = 10.8;
				ONLY_ACTIVE_ARCH = YES;
				SDKROOT = macosx;
			};
			name = Debug;
		};
		65980392168006C5003FBB02 /* Release */ = {
			isa = XCBuildConfiguration;
			buildSettings = {
				ALWAYS_SEARCH_USER_PATHS = NO;
				ARCHS = "$(ARCHS_STANDARD_64_BIT)";
				CLANG_CXX_LANGUAGE_STANDARD = "gnu++0x";
				CLANG_WARN__DUPLICATE_METHOD_MATCH = YES;
				COPY_PHASE_STRIP = YES;
				DEBUG_INFORMATION_FORMAT = "dwarf-with-dsym";
				GCC_C_LANGUAGE_STANDARD = gnu99;
				GCC_ENABLE_OBJC_EXCEPTIONS = YES;
				GCC_WARN_64_TO_32_BIT_CONVERSION = YES;
				GCC_WARN_ABOUT_RETURN_TYPE = YES;
				GCC_WARN_UNINITIALIZED_AUTOS = YES;
				GCC_WARN_UNUSED_VARIABLE = YES;
				MACOSX_DEPLOYMENT_TARGET = 10.8;
				SDKROOT = macosx;
			};
			name = Release;
		};
		65980394168006C5003FBB02 /* Debug */ = {
			isa = XCBuildConfiguration;
			buildSettings = {
				PRODUCT_NAME = "$(TARGET_NAME)";
			};
			name = Debug;
		};
		65980395168006C5003FBB02 /* Release */ = {
			isa = XCBuildConfiguration;
			buildSettings = {
				PRODUCT_NAME = "$(TARGET_NAME)";
			};
			name = Release;
		};
/* End XCBuildConfiguration section */

/* Begin XCConfigurationList section */
		65980383168006C5003FBB02 /* Build configuration list for PBXProject "VM2" */ = {
			isa = XCConfigurationList;
			buildConfigurations = (
				65980391168006C5003FBB02 /* Debug */,
				65980392168006C5003FBB02 /* Release */,
			);
			defaultConfigurationIsVisible = 0;
			defaultConfigurationName = Release;
		};
		65980393168006C5003FBB02 /* Build configuration list for PBXNativeTarget "VM2" */ = {
			isa = XCConfigurationList;
			buildConfigurations = (
				65980394168006C5003FBB02 /* Debug */,
				65980395168006C5003FBB02 /* Release */,
			);
			defaultConfigurationIsVisible = 0;
			defaultConfigurationName = Release;
		};
/* End XCConfigurationList section */
	};
	rootObject = 65980380168006C5003FBB02 /* Project object */;
}
